
Microsoft Visual Studio Solution File, Format Version 12.00
Project("{2150E333-8FDC-42A3-9474-1A3956D46DE8}") = "src", "src", "{6041BB40-DC9A-4858-A5BB-F22AED137F8F}"
EndProject
Project("{2150E333-8FDC-42A3-9474-1A3956D46DE8}") = "tests", "tests", "{AE45495A-C5C2-4CC9-9A2F-9A4EBB456FF6}"
EndProject
Project("{FAE04EC0-301F-11D3-BF4B-00C04F79EFBC}") = "Application", "src\Application\Application.csproj", "{E0517AB1-D5BB-4B55-92F2-907A17F14F6A}"
EndProject
Project("{FAE04EC0-301F-11D3-BF4B-00C04F79EFBC}") = "Domain", "src\Domain\Domain.csproj", "{E2BD128C-6E5B-47BF-9D38-FCD157501013}"
EndProject
Project("{FAE04EC0-301F-11D3-BF4B-00C04F79EFBC}") = "Infrastructure", "src\Infrastructure\Infrastructure.csproj", "{9C0F05F7-730E-4A71-8453-9F518731058B}"
EndProject
Project("{FAE04EC0-301F-11D3-BF4B-00C04F79EFBC}") = "WebUI", "src\WebUI\WebUI.csproj", "{B9432185-27F2-4D64-90F3-4E5779966984}"
EndProject
Project("{FAE04EC0-301F-11D3-BF4B-00C04F79EFBC}") = "Application.IntegrationTests", "tests\Application.IntegrationTests\Application.IntegrationTests.csproj", "{761B6748-4401-46A9-94EF-1D12F23F9C62}"
EndProject
Project("{FAE04EC0-301F-11D3-BF4B-00C04F79EFBC}") = "Infrastructure.IntegrationTests", "tests\Infrastructure.IntegrationTests\Infrastructure.IntegrationTests.csproj", "{FE5DB6DC-7458-44FE-82A6-0DA3203F6507}"
EndProject
Project("{FAE04EC0-301F-11D3-BF4B-00C04F79EFBC}") = "Domain.UnitTests", "tests\Domain.UnitTests\Domain.UnitTests.csproj", "{1B8A406C-3562-4B62-A7C1-E01BADD82F21}"
EndProject
Global
	GlobalSection(SolutionConfigurationPlatforms) = preSolution
		Debug|Any CPU = Debug|Any CPU
		Release|Any CPU = Release|Any CPU
	EndGlobalSection
	GlobalSection(NestedProjects) = preSolution
		{E0517AB1-D5BB-4B55-92F2-907A17F14F6A} = {6041BB40-DC9A-4858-A5BB-F22AED137F8F}
		{E2BD128C-6E5B-47BF-9D38-FCD157501013} = {6041BB40-DC9A-4858-A5BB-F22AED137F8F}
		{9C0F05F7-730E-4A71-8453-9F518731058B} = {6041BB40-DC9A-4858-A5BB-F22AED137F8F}
		{B9432185-27F2-4D64-90F3-4E5779966984} = {6041BB40-DC9A-4858-A5BB-F22AED137F8F}
		{761B6748-4401-46A9-94EF-1D12F23F9C62} = {AE45495A-C5C2-4CC9-9A2F-9A4EBB456FF6}
		{FE5DB6DC-7458-44FE-82A6-0DA3203F6507} = {AE45495A-C5C2-4CC9-9A2F-9A4EBB456FF6}
		{1B8A406C-3562-4B62-A7C1-E01BADD82F21} = {AE45495A-C5C2-4CC9-9A2F-9A4EBB456FF6}
	EndGlobalSection
	GlobalSection(ProjectConfigurationPlatforms) = postSolution
		{E0517AB1-D5BB-4B55-92F2-907A17F14F6A}.Debug|Any CPU.ActiveCfg = Debug|Any CPU
		{E0517AB1-D5BB-4B55-92F2-907A17F14F6A}.Debug|Any CPU.Build.0 = Debug|Any CPU
		{E0517AB1-D5BB-4B55-92F2-907A17F14F6A}.Release|Any CPU.ActiveCfg = Release|Any CPU
		{E0517AB1-D5BB-4B55-92F2-907A17F14F6A}.Release|Any CPU.Build.0 = Release|Any CPU
		{E2BD128C-6E5B-47BF-9D38-FCD157501013}.Debug|Any CPU.ActiveCfg = Debug|Any CPU
		{E2BD128C-6E5B-47BF-9D38-FCD157501013}.Debug|Any CPU.Build.0 = Debug|Any CPU
		{E2BD128C-6E5B-47BF-9D38-FCD157501013}.Release|Any CPU.ActiveCfg = Release|Any CPU
		{E2BD128C-6E5B-47BF-9D38-FCD157501013}.Release|Any CPU.Build.0 = Release|Any CPU
		{9C0F05F7-730E-4A71-8453-9F518731058B}.Debug|Any CPU.ActiveCfg = Debug|Any CPU
		{9C0F05F7-730E-4A71-8453-9F518731058B}.Debug|Any CPU.Build.0 = Debug|Any CPU
		{9C0F05F7-730E-4A71-8453-9F518731058B}.Release|Any CPU.ActiveCfg = Release|Any CPU
		{9C0F05F7-730E-4A71-8453-9F518731058B}.Release|Any CPU.Build.0 = Release|Any CPU
		{B9432185-27F2-4D64-90F3-4E5779966984}.Debug|Any CPU.ActiveCfg = Debug|Any CPU
		{B9432185-27F2-4D64-90F3-4E5779966984}.Debug|Any CPU.Build.0 = Debug|Any CPU
		{B9432185-27F2-4D64-90F3-4E5779966984}.Release|Any CPU.ActiveCfg = Release|Any CPU
		{B9432185-27F2-4D64-90F3-4E5779966984}.Release|Any CPU.Build.0 = Release|Any CPU
		{761B6748-4401-46A9-94EF-1D12F23F9C62}.Debug|Any CPU.ActiveCfg = Debug|Any CPU
		{761B6748-4401-46A9-94EF-1D12F23F9C62}.Debug|Any CPU.Build.0 = Debug|Any CPU
		{761B6748-4401-46A9-94EF-1D12F23F9C62}.Release|Any CPU.ActiveCfg = Release|Any CPU
		{761B6748-4401-46A9-94EF-1D12F23F9C62}.Release|Any CPU.Build.0 = Release|Any CPU
		{FE5DB6DC-7458-44FE-82A6-0DA3203F6507}.Debug|Any CPU.ActiveCfg = Debug|Any CPU
		{FE5DB6DC-7458-44FE-82A6-0DA3203F6507}.Debug|Any CPU.Build.0 = Debug|Any CPU
		{FE5DB6DC-7458-44FE-82A6-0DA3203F6507}.Release|Any CPU.ActiveCfg = Release|Any CPU
		{FE5DB6DC-7458-44FE-82A6-0DA3203F6507}.Release|Any CPU.Build.0 = Release|Any CPU
		{1B8A406C-3562-4B62-A7C1-E01BADD82F21}.Debug|Any CPU.ActiveCfg = Debug|Any CPU
		{1B8A406C-3562-4B62-A7C1-E01BADD82F21}.Debug|Any CPU.Build.0 = Debug|Any CPU
		{1B8A406C-3562-4B62-A7C1-E01BADD82F21}.Release|Any CPU.ActiveCfg = Release|Any CPU
		{1B8A406C-3562-4B62-A7C1-E01BADD82F21}.Release|Any CPU.Build.0 = Release|Any CPU
	EndGlobalSection
EndGlobal
